
Microsoft Visual Studio Solution File, Format Version 11.00
# Visual Studio 2010
Project("{FAE04EC0-301F-11D3-BF4B-00C04F79EFBC}") = "Assembly-CSharp", "Assembly-CSharp.csproj", "{84bd09c2-fee4-d793-9032-9eef068ef127}"
EndProject
Project("{FAE04EC0-301F-11D3-BF4B-00C04F79EFBC}") = "Assembly-CSharp-firstpass", "Assembly-CSharp-firstpass.csproj", "{138e752c-7a6c-04fe-3619-38a58c6b53b8}"
EndProject
Project("{FAE04EC0-301F-11D3-BF4B-00C04F79EFBC}") = "Assembly-CSharp-Editor", "Assembly-CSharp-Editor.csproj", "{c67b07be-9898-6641-d14d-eae7a30f1725}"
EndProject
Global
	GlobalSection(SolutionConfigurationPlatforms) = preSolution
		Debug|Any CPU = Debug|Any CPU
	EndGlobalSection
	GlobalSection(ProjectConfigurationPlatforms) = postSolution
		{84bd09c2-fee4-d793-9032-9eef068ef127}.Debug|Any CPU.ActiveCfg = Debug|Any CPU
		{84bd09c2-fee4-d793-9032-9eef068ef127}.Debug|Any CPU.Build.0 = Debug|Any CPU
		{138e752c-7a6c-04fe-3619-38a58c6b53b8}.Debug|Any CPU.ActiveCfg = Debug|Any CPU
		{138e752c-7a6c-04fe-3619-38a58c6b53b8}.Debug|Any CPU.Build.0 = Debug|Any CPU
		{c67b07be-9898-6641-d14d-eae7a30f1725}.Debug|Any CPU.ActiveCfg = Debug|Any CPU
		{c67b07be-9898-6641-d14d-eae7a30f1725}.Debug|Any CPU.Build.0 = Debug|Any CPU
	EndGlobalSection
	GlobalSection(SolutionProperties) = preSolution
		HideSolutionNode = FALSE
	EndGlobalSection
EndGlobal
